
Microsoft Visual Studio Solution File, Format Version 12.00
# Visual Studio Version 17
VisualStudioVersion = 17.5.33530.505
MinimumVisualStudioVersion = 10.0.40219.1
Project("{9A19103F-16F7-4668-BE54-9A1E7A4F7556}") = "OvenSensorReader", "OvenSensorReader.csproj", "{CAC884EE-EAB8-4A9A-914A-86713313CAC7}"
EndProject
Project("{FAE04EC0-301F-11D3-BF4B-00C04F79EFBC}") = "OvenSensorReader.Service", "..\OvenSensorReader.Service\OvenSensorReader.Service.csproj", "{25CF587A-C626-4AFE-B794-BF0822DCC024}"
EndProject
Project("{FAE04EC0-301F-11D3-BF4B-00C04F79EFBC}") = "OvenSensorReader.Settings", "..\OvenSensorReader.Settings\OvenSensorReader.Settings.csproj", "{EBECE765-172C-4BBD-A659-EE5C3172087E}"
EndProject
Project("{FAE04EC0-301F-11D3-BF4B-00C04F79EFBC}") = "OvenSensorReader.UI", "..\OvenSensorReader.UI\OvenSensorReader.UI.csproj", "{0E798674-9C7C-4269-A8D9-C5022D0B001D}"
EndProject
Project("{FAE04EC0-301F-11D3-BF4B-00C04F79EFBC}") = "OvenSensorReader.Log", "..\OvenSensorReader.Log\OvenSensorReader.Log.csproj", "{B9E5D528-B95A-4FD1-AA6D-20AA63E2E955}"
EndProject
Global
	GlobalSection(SolutionConfigurationPlatforms) = preSolution
		Debug|Any CPU = Debug|Any CPU
		Release|Any CPU = Release|Any CPU
	EndGlobalSection
	GlobalSection(ProjectConfigurationPlatforms) = postSolution
		{CAC884EE-EAB8-4A9A-914A-86713313CAC7}.Debug|Any CPU.ActiveCfg = Debug|Any CPU
		{CAC884EE-EAB8-4A9A-914A-86713313CAC7}.Debug|Any CPU.Build.0 = Debug|Any CPU
		{CAC884EE-EAB8-4A9A-914A-86713313CAC7}.Release|Any CPU.ActiveCfg = Release|Any CPU
		{CAC884EE-EAB8-4A9A-914A-86713313CAC7}.Release|Any CPU.Build.0 = Release|Any CPU
		{25CF587A-C626-4AFE-B794-BF0822DCC024}.Debug|Any CPU.ActiveCfg = Debug|Any CPU
		{25CF587A-C626-4AFE-B794-BF0822DCC024}.Debug|Any CPU.Build.0 = Debug|Any CPU
		{25CF587A-C626-4AFE-B794-BF0822DCC024}.Release|Any CPU.ActiveCfg = Release|Any CPU
		{25CF587A-C626-4AFE-B794-BF0822DCC024}.Release|Any CPU.Build.0 = Release|Any CPU
		{EBECE765-172C-4BBD-A659-EE5C3172087E}.Debug|Any CPU.ActiveCfg = Debug|Any CPU
		{EBECE765-172C-4BBD-A659-EE5C3172087E}.Debug|Any CPU.Build.0 = Debug|Any CPU
		{EBECE765-172C-4BBD-A659-EE5C3172087E}.Release|Any CPU.ActiveCfg = Release|Any CPU
		{EBECE765-172C-4BBD-A659-EE5C3172087E}.Release|Any CPU.Build.0 = Release|Any CPU
		{0E798674-9C7C-4269-A8D9-C5022D0B001D}.Debug|Any CPU.ActiveCfg = Debug|Any CPU
		{0E798674-9C7C-4269-A8D9-C5022D0B001D}.Debug|Any CPU.Build.0 = Debug|Any CPU
		{0E798674-9C7C-4269-A8D9-C5022D0B001D}.Release|Any CPU.ActiveCfg = Release|Any CPU
		{0E798674-9C7C-4269-A8D9-C5022D0B001D}.Release|Any CPU.Build.0 = Release|Any CPU
		{B9E5D528-B95A-4FD1-AA6D-20AA63E2E955}.Debug|Any CPU.ActiveCfg = Debug|Any CPU
		{B9E5D528-B95A-4FD1-AA6D-20AA63E2E955}.Debug|Any CPU.Build.0 = Debug|Any CPU
		{B9E5D528-B95A-4FD1-AA6D-20AA63E2E955}.Release|Any CPU.ActiveCfg = Release|Any CPU
		{B9E5D528-B95A-4FD1-AA6D-20AA63E2E955}.Release|Any CPU.Build.0 = Release|Any CPU
	EndGlobalSection
	GlobalSection(SolutionProperties) = preSolution
		HideSolutionNode = FALSE
	EndGlobalSection
	GlobalSection(ExtensibilityGlobals) = postSolution
		SolutionGuid = {1A79FE7F-A747-4981-A1C6-8A21678DA29F}
	EndGlobalSection
EndGlobal
